
Microsoft Visual Studio Solution File, Format Version 12.00
# Visual Studio Version 16
VisualStudioVersion = 16.0.29613.14
MinimumVisualStudioVersion = 10.0.40219.1
Project("{9A19103F-16F7-4668-BE54-9A1E7A4F7556}") = "PocketMapper", "PocketMapper.csproj", "{57537F9A-1701-4E06-8865-C065433C78D1}"
EndProject
Global
	GlobalSection(SolutionConfigurationPlatforms) = preSolution
		Debug|Any CPU = Debug|Any CPU
		Release|Any CPU = Release|Any CPU
	EndGlobalSection
	GlobalSection(ProjectConfigurationPlatforms) = postSolution
		{57537F9A-1701-4E06-8865-C065433C78D1}.Debug|Any CPU.ActiveCfg = Debug|Any CPU
		{57537F9A-1701-4E06-8865-C065433C78D1}.Debug|Any CPU.Build.0 = Debug|Any CPU
		{57537F9A-1701-4E06-8865-C065433C78D1}.Release|Any CPU.ActiveCfg = Release|Any CPU
		{57537F9A-1701-4E06-8865-C065433C78D1}.Release|Any CPU.Build.0 = Release|Any CPU
	EndGlobalSection
	GlobalSection(SolutionProperties) = preSolution
		HideSolutionNode = FALSE
	EndGlobalSection
	GlobalSection(ExtensibilityGlobals) = postSolution
		SolutionGuid = {C6F5AA37-656F-41B2-8B58-0109C7B8BECB}
	EndGlobalSection
EndGlobal
